
Microsoft Visual Studio Solution File, Format Version 12.00
# Visual Studio Version 17
VisualStudioVersion = 17.12.35527.113
MinimumVisualStudioVersion = 10.0.40219.1
Project("{FAE04EC0-301F-11D3-BF4B-00C04F79EFBC}") = "Conditional Statements - Lab", "Conditional Statements - Lab\Conditional Statements - Lab.csproj", "{2CCF670A-FFB4-4697-8B97-DEA1CD96190C}"
EndProject
Project("{FAE04EC0-301F-11D3-BF4B-00C04F79EFBC}") = "ExcellentResult", "ExcellentResult\ExcellentResult.csproj", "{1289F0D8-A6FC-44C7-B908-EC066A8F89B6}"
EndProject
Project("{FAE04EC0-301F-11D3-BF4B-00C04F79EFBC}") = "GreaterNumber", "GreaterNumber\GreaterNumber.csproj", "{91E7CD5E-B86C-430F-8927-E6EE5AC4FE4D}"
EndProject
Project("{FAE04EC0-301F-11D3-BF4B-00C04F79EFBC}") = "EvenOrOdd", "EvenOrOdd\EvenOrOdd.csproj", "{15FE7639-C788-46B5-ABDD-DE7BCC77070B}"
EndProject
Project("{FAE04EC0-301F-11D3-BF4B-00C04F79EFBC}") = "PasswordGuess", "PasswordGuess\PasswordGuess.csproj", "{D0FD2397-7AD9-40A8-A0B2-BAE0B90D0E04}"
EndProject
Project("{FAE04EC0-301F-11D3-BF4B-00C04F79EFBC}") = "Number100To200", "Number100To200\Number100To200.csproj", "{761315E9-DD14-48A5-99DE-603C9F1E72D4}"
EndProject
Project("{FAE04EC0-301F-11D3-BF4B-00C04F79EFBC}") = "SpeedInfo", "SpeedInfo\SpeedInfo.csproj", "{79996DF7-B246-4BB0-B159-DC6CA5AFD988}"
EndProject
Project("{FAE04EC0-301F-11D3-BF4B-00C04F79EFBC}") = "AreaOfFigures", "AreaOfFigures\AreaOfFigures.csproj", "{C22167AA-6FEC-4D54-9482-F3341B685452}"
EndProject
Global
	GlobalSection(SolutionConfigurationPlatforms) = preSolution
		Debug|Any CPU = Debug|Any CPU
		Release|Any CPU = Release|Any CPU
	EndGlobalSection
	GlobalSection(ProjectConfigurationPlatforms) = postSolution
		{2CCF670A-FFB4-4697-8B97-DEA1CD96190C}.Debug|Any CPU.ActiveCfg = Debug|Any CPU
		{2CCF670A-FFB4-4697-8B97-DEA1CD96190C}.Debug|Any CPU.Build.0 = Debug|Any CPU
		{2CCF670A-FFB4-4697-8B97-DEA1CD96190C}.Release|Any CPU.ActiveCfg = Release|Any CPU
		{2CCF670A-FFB4-4697-8B97-DEA1CD96190C}.Release|Any CPU.Build.0 = Release|Any CPU
		{1289F0D8-A6FC-44C7-B908-EC066A8F89B6}.Debug|Any CPU.ActiveCfg = Debug|Any CPU
		{1289F0D8-A6FC-44C7-B908-EC066A8F89B6}.Debug|Any CPU.Build.0 = Debug|Any CPU
		{1289F0D8-A6FC-44C7-B908-EC066A8F89B6}.Release|Any CPU.ActiveCfg = Release|Any CPU
		{1289F0D8-A6FC-44C7-B908-EC066A8F89B6}.Release|Any CPU.Build.0 = Release|Any CPU
		{91E7CD5E-B86C-430F-8927-E6EE5AC4FE4D}.Debug|Any CPU.ActiveCfg = Debug|Any CPU
		{91E7CD5E-B86C-430F-8927-E6EE5AC4FE4D}.Debug|Any CPU.Build.0 = Debug|Any CPU
		{91E7CD5E-B86C-430F-8927-E6EE5AC4FE4D}.Release|Any CPU.ActiveCfg = Release|Any CPU
		{91E7CD5E-B86C-430F-8927-E6EE5AC4FE4D}.Release|Any CPU.Build.0 = Release|Any CPU
		{15FE7639-C788-46B5-ABDD-DE7BCC77070B}.Debug|Any CPU.ActiveCfg = Debug|Any CPU
		{15FE7639-C788-46B5-ABDD-DE7BCC77070B}.Debug|Any CPU.Build.0 = Debug|Any CPU
		{15FE7639-C788-46B5-ABDD-DE7BCC77070B}.Release|Any CPU.ActiveCfg = Release|Any CPU
		{15FE7639-C788-46B5-ABDD-DE7BCC77070B}.Release|Any CPU.Build.0 = Release|Any CPU
		{D0FD2397-7AD9-40A8-A0B2-BAE0B90D0E04}.Debug|Any CPU.ActiveCfg = Debug|Any CPU
		{D0FD2397-7AD9-40A8-A0B2-BAE0B90D0E04}.Debug|Any CPU.Build.0 = Debug|Any CPU
		{D0FD2397-7AD9-40A8-A0B2-BAE0B90D0E04}.Release|Any CPU.ActiveCfg = Release|Any CPU
		{D0FD2397-7AD9-40A8-A0B2-BAE0B90D0E04}.Release|Any CPU.Build.0 = Release|Any CPU
		{761315E9-DD14-48A5-99DE-603C9F1E72D4}.Debug|Any CPU.ActiveCfg = Debug|Any CPU
		{761315E9-DD14-48A5-99DE-603C9F1E72D4}.Debug|Any CPU.Build.0 = Debug|Any CPU
		{761315E9-DD14-48A5-99DE-603C9F1E72D4}.Release|Any CPU.ActiveCfg = Release|Any CPU
		{761315E9-DD14-48A5-99DE-603C9F1E72D4}.Release|Any CPU.Build.0 = Release|Any CPU
		{79996DF7-B246-4BB0-B159-DC6CA5AFD988}.Debug|Any CPU.ActiveCfg = Debug|Any CPU
		{79996DF7-B246-4BB0-B159-DC6CA5AFD988}.Debug|Any CPU.Build.0 = Debug|Any CPU
		{79996DF7-B246-4BB0-B159-DC6CA5AFD988}.Release|Any CPU.ActiveCfg = Release|Any CPU
		{79996DF7-B246-4BB0-B159-DC6CA5AFD988}.Release|Any CPU.Build.0 = Release|Any CPU
		{C22167AA-6FEC-4D54-9482-F3341B685452}.Debug|Any CPU.ActiveCfg = Debug|Any CPU
		{C22167AA-6FEC-4D54-9482-F3341B685452}.Debug|Any CPU.Build.0 = Debug|Any CPU
		{C22167AA-6FEC-4D54-9482-F3341B685452}.Release|Any CPU.ActiveCfg = Release|Any CPU
		{C22167AA-6FEC-4D54-9482-F3341B685452}.Release|Any CPU.Build.0 = Release|Any CPU
	EndGlobalSection
	GlobalSection(SolutionProperties) = preSolution
		HideSolutionNode = FALSE
	EndGlobalSection
EndGlobal
